
Microsoft Visual Studio Solution File, Format Version 12.00
# Visual Studio Version 17
VisualStudioVersion = 17.5.2.0
MinimumVisualStudioVersion = 10.0.40219.1
Project("{FAE04EC0-301F-11D3-BF4B-00C04F79EFBC}") = "7 Лаба", "7 Лаба.csproj", "{A98893F3-75E1-70DE-DBD5-E0BE7E9AF3DC}"
EndProject
Global
	GlobalSection(SolutionConfigurationPlatforms) = preSolution
		Debug|Any CPU = Debug|Any CPU
		Release|Any CPU = Release|Any CPU
	EndGlobalSection
	GlobalSection(ProjectConfigurationPlatforms) = postSolution
		{A98893F3-75E1-70DE-DBD5-E0BE7E9AF3DC}.Debug|Any CPU.ActiveCfg = Debug|Any CPU
		{A98893F3-75E1-70DE-DBD5-E0BE7E9AF3DC}.Debug|Any CPU.Build.0 = Debug|Any CPU
		{A98893F3-75E1-70DE-DBD5-E0BE7E9AF3DC}.Release|Any CPU.ActiveCfg = Release|Any CPU
		{A98893F3-75E1-70DE-DBD5-E0BE7E9AF3DC}.Release|Any CPU.Build.0 = Release|Any CPU
	EndGlobalSection
	GlobalSection(SolutionProperties) = preSolution
		HideSolutionNode = FALSE
	EndGlobalSection
	GlobalSection(ExtensibilityGlobals) = postSolution
		SolutionGuid = {EA0F3A83-C7A4-4631-9DA3-6C9A7C4DB08D}
	EndGlobalSection
EndGlobal
