
Microsoft Visual Studio Solution File, Format Version 12.00
# Visual Studio Version 17
VisualStudioVersion = 17.5.2.0
MinimumVisualStudioVersion = 10.0.40219.1
Project("{FAE04EC0-301F-11D3-BF4B-00C04F79EFBC}") = "5 Лаба", "5 Лаба.csproj", "{F4BC3D09-6E63-1415-972D-E7B6352EF325}"
EndProject
Global
	GlobalSection(SolutionConfigurationPlatforms) = preSolution
		Debug|Any CPU = Debug|Any CPU
		Release|Any CPU = Release|Any CPU
	EndGlobalSection
	GlobalSection(ProjectConfigurationPlatforms) = postSolution
		{F4BC3D09-6E63-1415-972D-E7B6352EF325}.Debug|Any CPU.ActiveCfg = Debug|Any CPU
		{F4BC3D09-6E63-1415-972D-E7B6352EF325}.Debug|Any CPU.Build.0 = Debug|Any CPU
		{F4BC3D09-6E63-1415-972D-E7B6352EF325}.Release|Any CPU.ActiveCfg = Release|Any CPU
		{F4BC3D09-6E63-1415-972D-E7B6352EF325}.Release|Any CPU.Build.0 = Release|Any CPU
	EndGlobalSection
	GlobalSection(SolutionProperties) = preSolution
		HideSolutionNode = FALSE
	EndGlobalSection
	GlobalSection(ExtensibilityGlobals) = postSolution
		SolutionGuid = {524EBCD5-8D1B-4488-9B16-C967C2E18CAD}
	EndGlobalSection
EndGlobal
